
Microsoft Visual Studio Solution File, Format Version 12.00
Project("{FAE04EC0-301F-11D3-BF4B-00C04F79EFBC}") = "ToDoList.Core", "ToDoList.Core\ToDoList.Core.csproj", "{F96231A3-A237-40D2-888F-1C722430473B}"
EndProject
Project("{FAE04EC0-301F-11D3-BF4B-00C04F79EFBC}") = "ToDoList.UnitTests", "ToDoList.UnitTests\ToDoList.UnitTests.csproj", "{0478B5E7-C186-4EBD-80E7-37E023354C1D}"
EndProject
Global
	GlobalSection(SolutionConfigurationPlatforms) = preSolution
		Debug|Any CPU = Debug|Any CPU
		Release|Any CPU = Release|Any CPU
	EndGlobalSection
	GlobalSection(ProjectConfigurationPlatforms) = postSolution
		{F96231A3-A237-40D2-888F-1C722430473B}.Debug|Any CPU.ActiveCfg = Debug|Any CPU
		{F96231A3-A237-40D2-888F-1C722430473B}.Debug|Any CPU.Build.0 = Debug|Any CPU
		{F96231A3-A237-40D2-888F-1C722430473B}.Release|Any CPU.ActiveCfg = Release|Any CPU
		{F96231A3-A237-40D2-888F-1C722430473B}.Release|Any CPU.Build.0 = Release|Any CPU
		{0478B5E7-C186-4EBD-80E7-37E023354C1D}.Debug|Any CPU.ActiveCfg = Debug|Any CPU
		{0478B5E7-C186-4EBD-80E7-37E023354C1D}.Debug|Any CPU.Build.0 = Debug|Any CPU
		{0478B5E7-C186-4EBD-80E7-37E023354C1D}.Release|Any CPU.ActiveCfg = Release|Any CPU
		{0478B5E7-C186-4EBD-80E7-37E023354C1D}.Release|Any CPU.Build.0 = Release|Any CPU
	EndGlobalSection
EndGlobal
